
Microsoft Visual Studio Solution File, Format Version 12.00
# Visual Studio Version 17
VisualStudioVersion = 17.7.34024.191
MinimumVisualStudioVersion = 10.0.40219.1
Project("{FAE04EC0-301F-11D3-BF4B-00C04F79EFBC}") = "CalculationLibrary", "CalculationLibrary\CalculationLibrary.csproj", "{41F884B7-09D7-40C7-AED2-5D7708287B52}"
EndProject
Project("{FAE04EC0-301F-11D3-BF4B-00C04F79EFBC}") = "CalculationLibrary.Test", "CalculationLibrary.Test\CalculationLibrary.Test.csproj", "{5A41E790-5018-4EE7-997C-99C6C7B7F90B}"
EndProject
Global
	GlobalSection(SolutionConfigurationPlatforms) = preSolution
		Debug|Any CPU = Debug|Any CPU
		Release|Any CPU = Release|Any CPU
	EndGlobalSection
	GlobalSection(ProjectConfigurationPlatforms) = postSolution
		{41F884B7-09D7-40C7-AED2-5D7708287B52}.Debug|Any CPU.ActiveCfg = Debug|Any CPU
		{41F884B7-09D7-40C7-AED2-5D7708287B52}.Debug|Any CPU.Build.0 = Debug|Any CPU
		{41F884B7-09D7-40C7-AED2-5D7708287B52}.Release|Any CPU.ActiveCfg = Release|Any CPU
		{41F884B7-09D7-40C7-AED2-5D7708287B52}.Release|Any CPU.Build.0 = Release|Any CPU
		{5A41E790-5018-4EE7-997C-99C6C7B7F90B}.Debug|Any CPU.ActiveCfg = Debug|Any CPU
		{5A41E790-5018-4EE7-997C-99C6C7B7F90B}.Debug|Any CPU.Build.0 = Debug|Any CPU
		{5A41E790-5018-4EE7-997C-99C6C7B7F90B}.Release|Any CPU.ActiveCfg = Release|Any CPU
		{5A41E790-5018-4EE7-997C-99C6C7B7F90B}.Release|Any CPU.Build.0 = Release|Any CPU
	EndGlobalSection
	GlobalSection(SolutionProperties) = preSolution
		HideSolutionNode = FALSE
	EndGlobalSection
	GlobalSection(ExtensibilityGlobals) = postSolution
		SolutionGuid = {46FA9821-1110-48CE-BAEA-67CA249AD4AF}
	EndGlobalSection
EndGlobal
